
Microsoft Visual Studio Solution File, Format Version 12.00
# Visual Studio Version 17
VisualStudioVersion = 17.6.33829.357
MinimumVisualStudioVersion = 10.0.40219.1
Project("{FAE04EC0-301F-11D3-BF4B-00C04F79EFBC}") = "Redis.Sentinel", "Redis.Sentinel\Redis.Sentinel.csproj", "{535C1D67-2972-4675-8568-228DFE2E27E4}"
EndProject
Global
	GlobalSection(SolutionConfigurationPlatforms) = preSolution
		Debug|Any CPU = Debug|Any CPU
		Release|Any CPU = Release|Any CPU
	EndGlobalSection
	GlobalSection(ProjectConfigurationPlatforms) = postSolution
		{535C1D67-2972-4675-8568-228DFE2E27E4}.Debug|Any CPU.ActiveCfg = Debug|Any CPU
		{535C1D67-2972-4675-8568-228DFE2E27E4}.Debug|Any CPU.Build.0 = Debug|Any CPU
		{535C1D67-2972-4675-8568-228DFE2E27E4}.Release|Any CPU.ActiveCfg = Release|Any CPU
		{535C1D67-2972-4675-8568-228DFE2E27E4}.Release|Any CPU.Build.0 = Release|Any CPU
	EndGlobalSection
	GlobalSection(SolutionProperties) = preSolution
		HideSolutionNode = FALSE
	EndGlobalSection
	GlobalSection(ExtensibilityGlobals) = postSolution
		SolutionGuid = {BCE0D03F-2CEC-43A5-8FDB-7C81C7D10AEA}
	EndGlobalSection
EndGlobal
